PODS:
  - icu4c-iosx (71.1.2)
  - nmbr-icu (0.1.0):
    - icu4c-iosx
  - SwiftLint (0.47.1)

DEPENDENCIES:
  - icu4c-iosx (= 71.1.2)
  - nmbr-icu (from `../`)
  - SwiftLint

SPEC REPOS:
  trunk:
    - icu4c-iosx
    - SwiftLint

EXTERNAL SOURCES:
  nmbr-icu:
    :path: "../"

SPEC CHECKSUMS:
  icu4c-iosx: b99a1fd53237f0df6f45070bf9603b6ff2593dd3
  nmbr-icu: a4e01724861c1bb9159ff113256520da4ada6bb5
  SwiftLint: f80f1be7fa96d30e0aa68e58d45d4ea1ccaac519

PODFILE CHECKSUM: f70feb924230be2fc470c63e5475054f1cfe8f65

COCOAPODS: 1.11.3
