PODS:
  - icu4c-iosx (68.2.1)
  - nmbr (0.1.0):
    - icu4c-iosx
  - SwiftLint (0.41.0)

DEPENDENCIES:
  - nmbr (from `../`)
  - SwiftLint

SPEC REPOS:
  trunk:
    - icu4c-iosx
    - SwiftLint

EXTERNAL SOURCES:
  nmbr:
    :path: "../"

SPEC CHECKSUMS:
  icu4c-iosx: 01d94ead6b7fb57685ef4450ed5e0f39f08d56e2
  nmbr: 1e55d82446aa6adb94bbf8fa9843b96db6c2db84
  SwiftLint: c585ebd615d9520d7fbdbe151f527977b0534f1e

PODFILE CHECKSUM: fa3c52ed64ed2a64bfeb79cab008e598bef21c54

COCOAPODS: 1.10.0
